{
  "originHash" : "38b03ce0318dc69ee5fae38cb44f3f15e8b19c41e6ea17041b3d84c06c248d17",
  "pins" : [
    {
      "identity" : "flutter_melos_monorepo",
      "kind" : "remoteSourceControl",
      "location" : "https://github.com/davidcastano-verygoodventures/flutter_melos_monorepo.git",
      "state" : {
        "branch" : "main",
        "revision" : "cfdb22e1e5313014f3e0e5fa76fa727a9f164322"
      }
    }
  ],
  "version" : 3
}
